{
  "name": "secgen",
  "version": "0.0.1",
  "lockfileVersion": 2,
  "requires": true,
  "packages": {
    "": {
      "version": "0.0.1",
      "license": "MIT",
      "dependencies": {
        "bytes": "^3.1.0",
        "commander": "^7.2.0",
        "num-encode": "^1.1.7"
      },
      "bin": {
        "secgen": "bin/index.js"
      }
    },
    "node_modules/bytes": {
      "version": "3.1.0",
      "resolved": "https://registry.npmjs.org/bytes/-/bytes-3.1.0.tgz",
      "integrity": "sha512-zauLjrfCG+xvoyaqLoV8bLVXXNGC4JqlxFCutSDWA6fJrTo2ZuvLYTqZ7aHBLZSMOopbzwv8f+wZcVzfVTI2Dg==",
      "engines": {
        "node": ">= 0.8"
      }
    },
    "node_modules/commander": {
      "version": "7.2.0",
      "resolved": "https://registry.npmjs.org/commander/-/commander-7.2.0.tgz",
      "integrity": "sha512-QrWXB+ZQSVPmIWIhtEO9H+gwHaMGYiF5ChvoJ+K9ZGHG/sVsa6yiesAD1GC/x46sET00Xlwo1u49RVVVzvcSkw==",
      "engines": {
        "node": ">= 10"
      }
    },
    "node_modules/num-encode": {
      "version": "1.1.7",
      "resolved": "https://registry.npmjs.org/num-encode/-/num-encode-1.1.7.tgz",
      "integrity": "sha512-puBybMRNwWb7Ru8Fp8XY32WTan+ExDeo//xmwOe0N3c47lNnXZ+/Gvf1WuGMw46OtjRoSL9hbZGAZcyTkDMogA=="
    }
  },
  "dependencies": {
    "bytes": {
      "version": "3.1.0",
      "resolved": "https://registry.npmjs.org/bytes/-/bytes-3.1.0.tgz",
      "integrity": "sha512-zauLjrfCG+xvoyaqLoV8bLVXXNGC4JqlxFCutSDWA6fJrTo2ZuvLYTqZ7aHBLZSMOopbzwv8f+wZcVzfVTI2Dg=="
    },
    "commander": {
      "version": "7.2.0",
      "resolved": "https://registry.npmjs.org/commander/-/commander-7.2.0.tgz",
      "integrity": "sha512-QrWXB+ZQSVPmIWIhtEO9H+gwHaMGYiF5ChvoJ+K9ZGHG/sVsa6yiesAD1GC/x46sET00Xlwo1u49RVVVzvcSkw=="
    },
    "num-encode": {
      "version": "1.1.7",
      "resolved": "https://registry.npmjs.org/num-encode/-/num-encode-1.1.7.tgz",
      "integrity": "sha512-puBybMRNwWb7Ru8Fp8XY32WTan+ExDeo//xmwOe0N3c47lNnXZ+/Gvf1WuGMw46OtjRoSL9hbZGAZcyTkDMogA=="
    }
  }
}
